Microsoft Visual Studio Solution File, Format Version 12.00
# Visual Studio Version 17
VisualStudioVersion = 17.5.2.0
MinimumVisualStudioVersion = 10.0.40219.1
Project("{FAE04EC0-301F-11D3-BF4B-00C04F79EFBC}") = "Day2Basics", "Day2Basics\Day2Basics.csproj", "{67099F64-D79D-D604-EEF5-6E8D51577FE6}"
EndProject
Global
	GlobalSection(SolutionConfigurationPlatforms) = preSolution
		Debug|Any CPU = Debug|Any CPU
		Release|Any CPU = Release|Any CPU
	EndGlobalSection
	GlobalSection(ProjectConfigurationPlatforms) = postSolution
		{67099F64-D79D-D604-EEF5-6E8D51577FE6}.Debug|Any CPU.ActiveCfg = Debug|Any CPU
		{67099F64-D79D-D604-EEF5-6E8D51577FE6}.Debug|Any CPU.Build.0 = Debug|Any CPU
		{67099F64-D79D-D604-EEF5-6E8D51577FE6}.Release|Any CPU.ActiveCfg = Release|Any CPU
		{67099F64-D79D-D604-EEF5-6E8D51577FE6}.Release|Any CPU.Build.0 = Release|Any CPU
	EndGlobalSection
	GlobalSection(SolutionProperties) = preSolution
		HideSolutionNode = FALSE
	EndGlobalSection
	GlobalSection(ExtensibilityGlobals) = postSolution
		SolutionGuid = {A0801B9B-9017-48BA-AFA1-F15391384B29}
	EndGlobalSection
EndGlobal
