Microsoft Visual Studio Solution File, Format Version 12.00
# Visual Studio Version 17
VisualStudioVersion = 17.5.2.0
MinimumVisualStudioVersion = 10.0.40219.1
Project("{FAE04EC0-301F-11D3-BF4B-00C04F79EFBC}") = "day-7", "day-7.csproj", "{D258CAE1-EE9B-4528-4AC1-6310AEE82D32}"
EndProject
Global
	GlobalSection(SolutionConfigurationPlatforms) = preSolution
		Debug|Any CPU = Debug|Any CPU
		Release|Any CPU = Release|Any CPU
	EndGlobalSection
	GlobalSection(ProjectConfigurationPlatforms) = postSolution
		{D258CAE1-EE9B-4528-4AC1-6310AEE82D32}.Debug|Any CPU.ActiveCfg = Debug|Any CPU
		{D258CAE1-EE9B-4528-4AC1-6310AEE82D32}.Debug|Any CPU.Build.0 = Debug|Any CPU
		{D258CAE1-EE9B-4528-4AC1-6310AEE82D32}.Release|Any CPU.ActiveCfg = Release|Any CPU
		{D258CAE1-EE9B-4528-4AC1-6310AEE82D32}.Release|Any CPU.Build.0 = Release|Any CPU
	EndGlobalSection
	GlobalSection(SolutionProperties) = preSolution
		HideSolutionNode = FALSE
	EndGlobalSection
	GlobalSection(ExtensibilityGlobals) = postSolution
		SolutionGuid = {F50A9A6C-1DAB-4B69-B0E1-B439415C150D}
	EndGlobalSection
EndGlobal
